// !$*UTF8*$!
{
	archiveVersion = 1;
	classes = {
	};
	objectVersion = 56;
	objects = {

/* Begin PBXBuildFile section */
		CE73793B298447920017B1F8 /* AppDelegate.swift in Sources */ = {isa = PBXBuildFile; fileRef = CE73793A298447920017B1F8 /* AppDelegate.swift */; };
		CE73793D298447920017B1F8 /* SceneDelegate.swift in Sources */ = {isa = PBXBuildFile; fileRef = CE73793C298447920017B1F8 /* SceneDelegate.swift */; };
		CE73793F298447920017B1F8 /* ViewController.swift in Sources */ = {isa = PBXBuildFile; fileRef = CE73793E298447920017B1F8 /* ViewController.swift */; };
		CE737942298447920017B1F8 /* Main.storyboard in Resources */ = {isa = PBXBuildFile; fileRef = CE737940298447920017B1F8 /* Main.storyboard */; };
		CE737944298447930017B1F8 /* Assets.xcassets in Resources */ = {isa = PBXBuildFile; fileRef = CE737943298447930017B1F8 /* Assets.xcassets */; };
		CE737947298447930017B1F8 /* LaunchScreen.storyboard in Resources */ = {isa = PBXBuildFile; fileRef = CE737945298447930017B1F8 /* LaunchScreen.storyboard */; };
		CE737973298D69E20017B1F8 /* CategoryCollectionViewCell.xib in Resources */ = {isa = PBXBuildFile; fileRef = CE737972298D69E20017B1F8 /* CategoryCollectionViewCell.xib */; };
		CE737975298D69F70017B1F8 /* CategoryCollectionViewCell.swift in Sources */ = {isa = PBXBuildFile; fileRef = CE737974298D69F70017B1F8 /* CategoryCollectionViewCell.swift */; };
		CE737977298E843E0017B1F8 /* OrderTypeCollectionViewCell.swift in Sources */ = {isa = PBXBuildFile; fileRef = CE737976298E843E0017B1F8 /* OrderTypeCollectionViewCell.swift */; };
		CE737979298E87D70017B1F8 /* ProductTableViewCell.swift in Sources */ = {isa = PBXBuildFile; fileRef = CE737978298E87D70017B1F8 /* ProductTableViewCell.swift */; };
		CE884D2029A4DB4D007CFE4E /* OrderTypeCollectionViewCell.xib in Resources */ = {isa = PBXBuildFile; fileRef = CE884D1F29A4DB4D007CFE4E /* OrderTypeCollectionViewCell.xib */; };
		CE884D2229A4DB68007CFE4E /* ProductTableViewCell.xib in Resources */ = {isa = PBXBuildFile; fileRef = CE884D2129A4DB68007CFE4E /* ProductTableViewCell.xib */; };
		CE884D2429A4EF4B007CFE4E /* products.swift in Sources */ = {isa = PBXBuildFile; fileRef = CE884D2329A4EF4B007CFE4E /* products.swift */; };
		CE884D2B29A509E9007CFE4E /* Category.swift in Sources */ = {isa = PBXBuildFile; fileRef = CE884D2A29A509E9007CFE4E /* Category.swift */; };
		CE884D2D29A50A02007CFE4E /* OrderType.swift in Sources */ = {isa = PBXBuildFile; fileRef = CE884D2C29A50A02007CFE4E /* OrderType.swift */; };
		CE884D2F29A50CF4007CFE4E /* SecondViewController.swift in Sources */ = {isa = PBXBuildFile; fileRef = CE884D2E29A50CF4007CFE4E /* SecondViewController.swift */; };
		CE884D3129A63ED4007CFE4E /* NetworkLayer.swift in Sources */ = {isa = PBXBuildFile; fileRef = CE884D3029A63ED4007CFE4E /* NetworkLayer.swift */; };
/* End PBXBuildFile section */

/* Begin PBXFileReference section */
		CE737937298447920017B1F8 /* 4M1stHomeWork.app */ = {isa = PBXFileReference; explicitFileType = wrapper.application; includeInIndex = 0; path = 4M1stHomeWork.app; sourceTree = BUILT_PRODUCTS_DIR; };
		CE73793A298447920017B1F8 /* AppDelegate.swift */ = {isa = PBXFileReference; lastKnownFileType = sourcecode.swift; path = AppDelegate.swift; sourceTree = "<group>"; };
		CE73793C298447920017B1F8 /* SceneDelegate.swift */ = {isa = PBXFileReference; lastKnownFileType = sourcecode.swift; path = SceneDelegate.swift; sourceTree = "<group>"; };
		CE73793E298447920017B1F8 /* ViewController.swift */ = {isa = PBXFileReference; lastKnownFileType = sourcecode.swift; path = ViewController.swift; sourceTree = "<group>"; };
		CE737941298447920017B1F8 /* Base */ = {isa = PBXFileReference; lastKnownFileType = file.storyboard; name = Base; path = Base.lproj/Main.storyboard; sourceTree = "<group>"; };
		CE737943298447930017B1F8 /* Assets.xcassets */ = {isa = PBXFileReference; lastKnownFileType = folder.assetcatalog; path = Assets.xcassets; sourceTree = "<group>"; };
		CE737946298447930017B1F8 /* Base */ = {isa = PBXFileReference; lastKnownFileType = file.storyboard; name = Base; path = Base.lproj/LaunchScreen.storyboard; sourceTree = "<group>"; };
		CE737948298447930017B1F8 /* Info.plist */ = {isa = PBXFileReference; lastKnownFileType = text.plist.xml; path = Info.plist; sourceTree = "<group>"; };
		CE737972298D69E20017B1F8 /* CategoryCollectionViewCell.xib */ = {isa = PBXFileReference; lastKnownFileType = file.xib; path = CategoryCollectionViewCell.xib; sourceTree = "<group>"; };
		CE737974298D69F70017B1F8 /* CategoryCollectionViewCell.swift */ = {isa = PBXFileReference; lastKnownFileType = sourcecode.swift; path = CategoryCollectionViewCell.swift; sourceTree = "<group>"; };
		CE737976298E843E0017B1F8 /* OrderTypeCollectionViewCell.swift */ = {isa = PBXFileReference; lastKnownFileType = sourcecode.swift; path = OrderTypeCollectionViewCell.swift; sourceTree = "<group>"; };
		CE737978298E87D70017B1F8 /* ProductTableViewCell.swift */ = {isa = PBXFileReference; lastKnownFileType = sourcecode.swift; path = ProductTableViewCell.swift; sourceTree = "<group>"; };
		CE884D1F29A4DB4D007CFE4E /* OrderTypeCollectionViewCell.xib */ = {isa = PBXFileReference; lastKnownFileType = file.xib; path = OrderTypeCollectionViewCell.xib; sourceTree = "<group>"; };
		CE884D2129A4DB68007CFE4E /* ProductTableViewCell.xib */ = {isa = PBXFileReference; lastKnownFileType = file.xib; path = ProductTableViewCell.xib; sourceTree = "<group>"; };
		CE884D2329A4EF4B007CFE4E /* products.swift */ = {isa = PBXFileReference; lastKnownFileType = sourcecode.swift; path = products.swift; sourceTree = "<group>"; };
		CE884D2A29A509E9007CFE4E /* Category.swift */ = {isa = PBXFileReference; lastKnownFileType = sourcecode.swift; path = Category.swift; sourceTree = "<group>"; };
		CE884D2C29A50A02007CFE4E /* OrderType.swift */ = {isa = PBXFileReference; lastKnownFileType = sourcecode.swift; path = OrderType.swift; sourceTree = "<group>"; };
		CE884D2E29A50CF4007CFE4E /* SecondViewController.swift */ = {isa = PBXFileReference; lastKnownFileType = sourcecode.swift; path = SecondViewController.swift; sourceTree = "<group>"; };
		CE884D3029A63ED4007CFE4E /* NetworkLayer.swift */ = {isa = PBXFileReference; lastKnownFileType = sourcecode.swift; path = NetworkLayer.swift; sourceTree = "<group>"; };
/* End PBXFileReference section */

/* Begin PBXFrameworksBuildPhase section */
		CE737934298447920017B1F8 /* Frameworks */ = {
			isa = PBXFrameworksBuildPhase;
			buildActionMask = 2147483647;
			files = (
			);
			runOnlyForDeploymentPostprocessing = 0;
		};
/* End PBXFrameworksBuildPhase section */

/* Begin PBXGroup section */
		CE73792E298447920017B1F8 = {
			isa = PBXGroup;
			children = (
				CE737939298447920017B1F8 /* 4M1stHomeWork */,
				CE737938298447920017B1F8 /* Products */,
			);
			sourceTree = "<group>";
		};
		CE737938298447920017B1F8 /* Products */ = {
			isa = PBXGroup;
			children = (
				CE737937298447920017B1F8 /* 4M1stHomeWork.app */,
			);
			name = Products;
			sourceTree = "<group>";
		};
		CE737939298447920017B1F8 /* 4M1stHomeWork */ = {
			isa = PBXGroup;
			children = (
				CE884D2529A50915007CFE4E /* Models */,
				CE884D2829A50935007CFE4E /* Controllers */,
				CE884D2629A50922007CFE4E /* Views */,
				CE884D2929A50973007CFE4E /* Resoursers */,
			);
			path = 4M1stHomeWork;
			sourceTree = "<group>";
		};
		CE884D2529A50915007CFE4E /* Models */ = {
			isa = PBXGroup;
			children = (
				CE884D2329A4EF4B007CFE4E /* products.swift */,
				CE884D3029A63ED4007CFE4E /* NetworkLayer.swift */,
				CE884D2A29A509E9007CFE4E /* Category.swift */,
				CE884D2C29A50A02007CFE4E /* OrderType.swift */,
			);
			path = Models;
			sourceTree = "<group>";
		};
		CE884D2629A50922007CFE4E /* Views */ = {
			isa = PBXGroup;
			children = (
				CE737940298447920017B1F8 /* Main.storyboard */,
				CE737972298D69E20017B1F8 /* CategoryCollectionViewCell.xib */,
				CE884D1F29A4DB4D007CFE4E /* OrderTypeCollectionViewCell.xib */,
				CE884D2129A4DB68007CFE4E /* ProductTableViewCell.xib */,
				CE737978298E87D70017B1F8 /* ProductTableViewCell.swift */,
				CE737976298E843E0017B1F8 /* OrderTypeCollectionViewCell.swift */,
				CE737974298D69F70017B1F8 /* CategoryCollectionViewCell.swift */,
			);
			path = Views;
			sourceTree = "<group>";
		};
		CE884D2829A50935007CFE4E /* Controllers */ = {
			isa = PBXGroup;
			children = (
				CE73793E298447920017B1F8 /* ViewController.swift */,
				CE884D2E29A50CF4007CFE4E /* SecondViewController.swift */,
			);
			path = Controllers;
			sourceTree = "<group>";
		};
		CE884D2929A50973007CFE4E /* Resoursers */ = {
			isa = PBXGroup;
			children = (
				CE737945298447930017B1F8 /* LaunchScreen.storyboard */,
				CE737943298447930017B1F8 /* Assets.xcassets */,
				CE737948298447930017B1F8 /* Info.plist */,
				CE73793A298447920017B1F8 /* AppDelegate.swift */,
				CE73793C298447920017B1F8 /* SceneDelegate.swift */,
			);
			path = Resoursers;
			sourceTree = "<group>";
		};
/* End PBXGroup section */

/* Begin PBXNativeTarget section */
		CE737936298447920017B1F8 /* 4M1stHomeWork */ = {
			isa = PBXNativeTarget;
			buildConfigurationList = CE73794B298447930017B1F8 /* Build configuration list for PBXNativeTarget "4M1stHomeWork" */;
			buildPhases = (
				CE737933298447920017B1F8 /* Sources */,
				CE737934298447920017B1F8 /* Frameworks */,
				CE737935298447920017B1F8 /* Resources */,
			);
			buildRules = (
			);
			dependencies = (
			);
			name = 4M1stHomeWork;
			productName = 4M1stHomeWork;
			productReference = CE737937298447920017B1F8 /* 4M1stHomeWork.app */;
			productType = "com.apple.product-type.application";
		};
/* End PBXNativeTarget section */

/* Begin PBXProject section */
		CE73792F298447920017B1F8 /* Project object */ = {
			isa = PBXProject;
			attributes = {
				BuildIndependentTargetsInParallel = 1;
				LastSwiftUpdateCheck = 1410;
				LastUpgradeCheck = 1410;
				TargetAttributes = {
					CE737936298447920017B1F8 = {
						CreatedOnToolsVersion = 14.1;
					};
				};
			};
			buildConfigurationList = CE737932298447920017B1F8 /* Build configuration list for PBXProject "4M1stHomeWork" */;
			compatibilityVersion = "Xcode 14.0";
			developmentRegion = en;
			hasScannedForEncodings = 0;
			knownRegions = (
				en,
				Base,
			);
			mainGroup = CE73792E298447920017B1F8;
			productRefGroup = CE737938298447920017B1F8 /* Products */;
			projectDirPath = "";
			projectRoot = "";
			targets = (
				CE737936298447920017B1F8 /* 4M1stHomeWork */,
			);
		};
/* End PBXProject section */

/* Begin PBXResourcesBuildPhase section */
		CE737935298447920017B1F8 /* Resources */ = {
			isa = PBXResourcesBuildPhase;
			buildActionMask = 2147483647;
			files = (
				CE737973298D69E20017B1F8 /* CategoryCollectionViewCell.xib in Resources */,
				CE884D2229A4DB68007CFE4E /* ProductTableViewCell.xib in Resources */,
				CE737947298447930017B1F8 /* LaunchScreen.storyboard in Resources */,
				CE884D2029A4DB4D007CFE4E /* OrderTypeCollectionViewCell.xib in Resources */,
				CE737944298447930017B1F8 /* Assets.xcassets in Resources */,
				CE737942298447920017B1F8 /* Main.storyboard in Resources */,
			);
			runOnlyForDeploymentPostprocessing = 0;
		};
/* End PBXResourcesBuildPhase section */

/* Begin PBXSourcesBuildPhase section */
		CE737933298447920017B1F8 /* Sources */ = {
			isa = PBXSourcesBuildPhase;
			buildActionMask = 2147483647;
			files = (
				CE884D2D29A50A02007CFE4E /* OrderType.swift in Sources */,
				CE737977298E843E0017B1F8 /* OrderTypeCollectionViewCell.swift in Sources */,
				CE737975298D69F70017B1F8 /* CategoryCollectionViewCell.swift in Sources */,
				CE884D2429A4EF4B007CFE4E /* products.swift in Sources */,
				CE73793F298447920017B1F8 /* ViewController.swift in Sources */,
				CE884D3129A63ED4007CFE4E /* NetworkLayer.swift in Sources */,
				CE73793B298447920017B1F8 /* AppDelegate.swift in Sources */,
				CE73793D298447920017B1F8 /* SceneDelegate.swift in Sources */,
				CE737979298E87D70017B1F8 /* ProductTableViewCell.swift in Sources */,
				CE884D2F29A50CF4007CFE4E /* SecondViewController.swift in Sources */,
				CE884D2B29A509E9007CFE4E /* Category.swift in Sources */,
			);
			runOnlyForDeploymentPostprocessing = 0;
		};
/* End PBXSourcesBuildPhase section */

/* Begin PBXVariantGroup section */
		CE737940298447920017B1F8 /* Main.storyboard */ = {
			isa = PBXVariantGroup;
			children = (
				CE737941298447920017B1F8 /* Base */,
			);
			name = Main.storyboard;
			sourceTree = "<group>";
		};
		CE737945298447930017B1F8 /* LaunchScreen.storyboard */ = {
			isa = PBXVariantGroup;
			children = (
				CE737946298447930017B1F8 /* Base */,
			);
			name = LaunchScreen.storyboard;
			sourceTree = "<group>";
		};
/* End PBXVariantGroup section */

/* Begin XCBuildConfiguration section */
		CE737949298447930017B1F8 /* Debug */ = {
			isa = XCBuildConfiguration;
			buildSettings = {
				ALWAYS_SEARCH_USER_PATHS = NO;
				CLANG_ANALYZER_NONNULL = YES;
				CLANG_ANALYZER_NUMBER_OBJECT_CONVERSION = YES_AGGRESSIVE;
				CLANG_CXX_LANGUAGE_STANDARD = "gnu++20";
				CLANG_ENABLE_MODULES = YES;
				CLANG_ENABLE_OBJC_ARC = YES;
				CLANG_ENABLE_OBJC_WEAK = YES;
				CLANG_WARN_BLOCK_CAPTURE_AUTORELEASING = YES;
				CLANG_WARN_BOOL_CONVERSION = YES;
				CLANG_WARN_COMMA = YES;
				CLANG_WARN_CONSTANT_CONVERSION = YES;
				CLANG_WARN_DEPRECATED_OBJC_IMPLEMENTATIONS = YES;
				CLANG_WARN_DIRECT_OBJC_ISA_USAGE = YES_ERROR;
				CLANG_WARN_DOCUMENTATION_COMMENTS = YES;
				CLANG_WARN_EMPTY_BODY = YES;
				CLANG_WARN_ENUM_CONVERSION = YES;
				CLANG_WARN_INFINITE_RECURSION = YES;
				CLANG_WARN_INT_CONVERSION = YES;
				CLANG_WARN_NON_LITERAL_NULL_CONVERSION = YES;
				CLANG_WARN_OBJC_IMPLICIT_RETAIN_SELF = YES;
				CLANG_WARN_OBJC_LITERAL_CONVERSION = YES;
				CLANG_WARN_OBJC_ROOT_CLASS = YES_ERROR;
				CLANG_WARN_QUOTED_INCLUDE_IN_FRAMEWORK_HEADER = YES;
				CLANG_WARN_RANGE_LOOP_ANALYSIS = YES;
				CLANG_WARN_STRICT_PROTOTYPES = YES;
				CLANG_WARN_SUSPICIOUS_MOVE = YES;
				CLANG_WARN_UNGUARDED_AVAILABILITY = YES_AGGRESSIVE;
				CLANG_WARN_UNREACHABLE_CODE = YES;
				CLANG_WARN__DUPLICATE_METHOD_MATCH = YES;
				COPY_PHASE_STRIP = NO;
				DEBUG_INFORMATION_FORMAT = dwarf;
				ENABLE_STRICT_OBJC_MSGSEND = YES;
				ENABLE_TESTABILITY = YES;
				GCC_C_LANGUAGE_STANDARD = gnu11;
				GCC_DYNAMIC_NO_PIC = NO;
				GCC_NO_COMMON_BLOCKS = YES;
				GCC_OPTIMIZATION_LEVEL = 0;
				GCC_PREPROCESSOR_DEFINITIONS = (
					"DEBUG=1",
					"$(inherited)",
				);
				GCC_WARN_64_TO_32_BIT_CONVERSION = YES;
				GCC_WARN_ABOUT_RETURN_TYPE = YES_ERROR;
				GCC_WARN_UNDECLARED_SELECTOR = YES;
				GCC_WARN_UNINITIALIZED_AUTOS = YES_AGGRESSIVE;
				GCC_WARN_UNUSED_FUNCTION = YES;
				GCC_WARN_UNUSED_VARIABLE = YES;
				IPHONEOS_DEPLOYMENT_TARGET = 16.1;
				MTL_ENABLE_DEBUG_INFO = INCLUDE_SOURCE;
				MTL_FAST_MATH = YES;
				ONLY_ACTIVE_ARCH = YES;
				SDKROOT = iphoneos;
				SWIFT_ACTIVE_COMPILATION_CONDITIONS = DEBUG;
				SWIFT_OPTIMIZATION_LEVEL = "-Onone";
			};
			name = Debug;
		};
		CE73794A298447930017B1F8 /* Release */ = {
			isa = XCBuildConfiguration;
			buildSettings = {
				ALWAYS_SEARCH_USER_PATHS = NO;
				CLANG_ANALYZER_NONNULL = YES;
				CLANG_ANALYZER_NUMBER_OBJECT_CONVERSION = YES_AGGRESSIVE;
				CLANG_CXX_LANGUAGE_STANDARD = "gnu++20";
				CLANG_ENABLE_MODULES = YES;
				CLANG_ENABLE_OBJC_ARC = YES;
				CLANG_ENABLE_OBJC_WEAK = YES;
				CLANG_WARN_BLOCK_CAPTURE_AUTORELEASING = YES;
				CLANG_WARN_BOOL_CONVERSION = YES;
				CLANG_WARN_COMMA = YES;
				CLANG_WARN_CONSTANT_CONVERSION = YES;
				CLANG_WARN_DEPRECATED_OBJC_IMPLEMENTATIONS = YES;
				CLANG_WARN_DIRECT_OBJC_ISA_USAGE = YES_ERROR;
				CLANG_WARN_DOCUMENTATION_COMMENTS = YES;
				CLANG_WARN_EMPTY_BODY = YES;
				CLANG_WARN_ENUM_CONVERSION = YES;
				CLANG_WARN_INFINITE_RECURSION = YES;
				CLANG_WARN_INT_CONVERSION = YES;
				CLANG_WARN_NON_LITERAL_NULL_CONVERSION = YES;
				CLANG_WARN_OBJC_IMPLICIT_RETAIN_SELF = YES;
				CLANG_WARN_OBJC_LITERAL_CONVERSION = YES;
				CLANG_WARN_OBJC_ROOT_CLASS = YES_ERROR;
				CLANG_WARN_QUOTED_INCLUDE_IN_FRAMEWORK_HEADER = YES;
				CLANG_WARN_RANGE_LOOP_ANALYSIS = YES;
				CLANG_WARN_STRICT_PROTOTYPES = YES;
				CLANG_WARN_SUSPICIOUS_MOVE = YES;
				CLANG_WARN_UNGUARDED_AVAILABILITY = YES_AGGRESSIVE;
				CLANG_WARN_UNREACHABLE_CODE = YES;
				CLANG_WARN__DUPLICATE_METHOD_MATCH = YES;
				COPY_PHASE_STRIP = NO;
				DEBUG_INFORMATION_FORMAT = "dwarf-with-dsym";
				ENABLE_NS_ASSERTIONS = NO;
				ENABLE_STRICT_OBJC_MSGSEND = YES;
				GCC_C_LANGUAGE_STANDARD = gnu11;
				GCC_NO_COMMON_BLOCKS = YES;
				GCC_WARN_64_TO_32_BIT_CONVERSION = YES;
				GCC_WARN_ABOUT_RETURN_TYPE = YES_ERROR;
				GCC_WARN_UNDECLARED_SELECTOR = YES;
				GCC_WARN_UNINITIALIZED_AUTOS = YES_AGGRESSIVE;
				GCC_WARN_UNUSED_FUNCTION = YES;
				GCC_WARN_UNUSED_VARIABLE = YES;
				IPHONEOS_DEPLOYMENT_TARGET = 16.1;
				MTL_ENABLE_DEBUG_INFO = NO;
				MTL_FAST_MATH = YES;
				SDKROOT = iphoneos;
				SWIFT_COMPILATION_MODE = wholemodule;
				SWIFT_OPTIMIZATION_LEVEL = "-O";
				VALIDATE_PRODUCT = YES;
			};
			name = Release;
		};
		CE73794C298447930017B1F8 /* Debug */ = {
			isa = XCBuildConfiguration;
			buildSettings = {
				ASSETCATALOG_COMPILER_APPICON_NAME = AppIcon;
				ASSETCATALOG_COMPILER_GLOBAL_ACCENT_COLOR_NAME = AccentColor;
				CODE_SIGN_STYLE = Automatic;
				CURRENT_PROJECT_VERSION = 1;
				DEVELOPMENT_TEAM = FT4CC665US;
				GENERATE_INFOPLIST_FILE = YES;
				INFOPLIST_FILE = 4M1stHomeWork/Resoursers/Info.plist;
				INFOPLIST_KEY_UIApplicationSupportsIndirectInputEvents = YES;
				INFOPLIST_KEY_UILaunchStoryboardName = LaunchScreen;
				INFOPLIST_KEY_UIMainStoryboardFile = Main;
				INFOPLIST_KEY_UISupportedInterfaceOrientations_iPad = "UIInterfaceOrientationPortrait UIInterfaceOrientationPortraitUpsideDown UIInterfaceOrientationLandscapeLeft UIInterfaceOrientationLandscapeRight";
				INFOPLIST_KEY_UISupportedInterfaceOrientations_iPhone = "UIInterfaceOrientationPortrait UIInterfaceOrientationLandscapeLeft UIInterfaceOrientationLandscapeRight";
				LD_RUNPATH_SEARCH_PATHS = (
					"$(inherited)",
					"@executable_path/Frameworks",
				);
				MARKETING_VERSION = 1.0;
				PRODUCT_BUNDLE_IDENTIFIER = "Arknahon.-M1stHomeWork";
				PRODUCT_NAME = "$(TARGET_NAME)";
				SUPPORTED_PLATFORMS = "iphoneos iphonesimulator";
				SUPPORTS_MACCATALYST = NO;
				SUPPORTS_MAC_DESIGNED_FOR_IPHONE_IPAD = NO;
				SWIFT_EMIT_LOC_STRINGS = YES;
				SWIFT_VERSION = 5.0;
				TARGETED_DEVICE_FAMILY = "1,2";
			};
			name = Debug;
		};
		CE73794D298447930017B1F8 /* Release */ = {
			isa = XCBuildConfiguration;
			buildSettings = {
				ASSETCATALOG_COMPILER_APPICON_NAME = AppIcon;
				ASSETCATALOG_COMPILER_GLOBAL_ACCENT_COLOR_NAME = AccentColor;
				CODE_SIGN_STYLE = Automatic;
				CURRENT_PROJECT_VERSION = 1;
				DEVELOPMENT_TEAM = FT4CC665US;
				GENERATE_INFOPLIST_FILE = YES;
				INFOPLIST_FILE = 4M1stHomeWork/Resoursers/Info.plist;
				INFOPLIST_KEY_UIApplicationSupportsIndirectInputEvents = YES;
				INFOPLIST_KEY_UILaunchStoryboardName = LaunchScreen;
				INFOPLIST_KEY_UIMainStoryboardFile = Main;
				INFOPLIST_KEY_UISupportedInterfaceOrientations_iPad = "UIInterfaceOrientationPortrait UIInterfaceOrientationPortraitUpsideDown UIInterfaceOrientationLandscapeLeft UIInterfaceOrientationLandscapeRight";
				INFOPLIST_KEY_UISupportedInterfaceOrientations_iPhone = "UIInterfaceOrientationPortrait UIInterfaceOrientationLandscapeLeft UIInterfaceOrientationLandscapeRight";
				LD_RUNPATH_SEARCH_PATHS = (
					"$(inherited)",
					"@executable_path/Frameworks",
				);
				MARKETING_VERSION = 1.0;
				PRODUCT_BUNDLE_IDENTIFIER = "Arknahon.-M1stHomeWork";
				PRODUCT_NAME = "$(TARGET_NAME)";
				SUPPORTED_PLATFORMS = "iphoneos iphonesimulator";
				SUPPORTS_MACCATALYST = NO;
				SUPPORTS_MAC_DESIGNED_FOR_IPHONE_IPAD = NO;
				SWIFT_EMIT_LOC_STRINGS = YES;
				SWIFT_VERSION = 5.0;
				TARGETED_DEVICE_FAMILY = "1,2";
			};
			name = Release;
		};
/* End XCBuildConfiguration section */

/* Begin XCConfigurationList section */
		CE737932298447920017B1F8 /* Build configuration list for PBXProject "4M1stHomeWork" */ = {
			isa = XCConfigurationList;
			buildConfigurations = (
				CE737949298447930017B1F8 /* Debug */,
				CE73794A298447930017B1F8 /* Release */,
			);
			defaultConfigurationIsVisible = 0;
			defaultConfigurationName = Release;
		};
		CE73794B298447930017B1F8 /* Build configuration list for PBXNativeTarget "4M1stHomeWork" */ = {
			isa = XCConfigurationList;
			buildConfigurations = (
				CE73794C298447930017B1F8 /* Debug */,
				CE73794D298447930017B1F8 /* Release */,
			);
			defaultConfigurationIsVisible = 0;
			defaultConfigurationName = Release;
		};
/* End XCConfigurationList section */
	};
	rootObject = CE73792F298447920017B1F8 /* Project object */;
}
